
Microsoft Visual Studio Solution File, Format Version 12.00
# Visual Studio Version 16
VisualStudioVersion = 16.0.31205.134
MinimumVisualStudioVersion = 10.0.40219.1
Project("{FAE04EC0-301F-11D3-BF4B-00C04F79EFBC}") = "ArrayListApp", "ArrayListApp.csproj", "{B1F3DACA-F786-4A80-BCA3-F08560D1371B}"
EndProject
Global
	GlobalSection(SolutionConfigurationPlatforms) = preSolution
		Debug|Any CPU = Debug|Any CPU
		Release|Any CPU = Release|Any CPU
	EndGlobalSection
	GlobalSection(ProjectConfigurationPlatforms) = postSolution
		{B1F3DACA-F786-4A80-BCA3-F08560D1371B}.Debug|Any CPU.ActiveCfg = Debug|Any CPU
		{B1F3DACA-F786-4A80-BCA3-F08560D1371B}.Debug|Any CPU.Build.0 = Debug|Any CPU
		{B1F3DACA-F786-4A80-BCA3-F08560D1371B}.Release|Any CPU.ActiveCfg = Release|Any CPU
		{B1F3DACA-F786-4A80-BCA3-F08560D1371B}.Release|Any CPU.Build.0 = Release|Any CPU
	EndGlobalSection
	GlobalSection(SolutionProperties) = preSolution
		HideSolutionNode = FALSE
	EndGlobalSection
	GlobalSection(ExtensibilityGlobals) = postSolution
		SolutionGuid = {FC71EF52-B514-41D3-928B-B744E8EC7387}
	EndGlobalSection
EndGlobal
